// !$*UTF8*$!
{
	archiveVersion = 1;
	classes = {
	};
	objectVersion = 52;
	objects = {

/* Begin PBXBuildFile section */
		058557BB273AAA24004C7B11 /* Assets.xcassets in Resources */ = {isa = PBXBuildFile; fileRef = 058557BA273AAA24004C7B11 /* Assets.xcassets */; };
		058557D9273AAEEB004C7B11 /* Preview Assets.xcassets in Resources */ = {isa = PBXBuildFile; fileRef = 058557D8273AAEEB004C7B11 /* Preview Assets.xcassets */; };
		2152FB042600AC8F00CF470E /* iOSApp.swift in Sources */ = {isa = PBXBuildFile; fileRef = 2152FB032600AC8F00CF470E /* iOSApp.swift */; };
		3703363E8055D813FEFB7DBA /* Pods_MomentumiOS.framework in Frameworks */ = {isa = PBXBuildFile; fileRef = 7C018D438F8DF226DE8A725D /* Pods_MomentumiOS.framework */; };
		7555FF83242A565900829871 /* ContentView.swift in Sources */ = {isa = PBXBuildFile; fileRef = 7555FF82242A565900829871 /* ContentView.swift */; };
		810FDA3F28A179C200064D16 /* TestConstants.swift in Sources */ = {isa = PBXBuildFile; fileRef = 810FDA3E28A179C200064D16 /* TestConstants.swift */; };
		811A3E7D287E05D90052682B /* ToggleAmountLabel.swift in Sources */ = {isa = PBXBuildFile; fileRef = 811A3E7C287E05D90052682B /* ToggleAmountLabel.swift */; };
		811A3E7F287E16AF0052682B /* PaymentSummaryContentView.swift in Sources */ = {isa = PBXBuildFile; fileRef = 811A3E7E287E16AE0052682B /* PaymentSummaryContentView.swift */; };
		81246B79289849C4008A7173 /* PaymentViewModelTests.swift in Sources */ = {isa = PBXBuildFile; fileRef = 81246B78289849C4008A7173 /* PaymentViewModelTests.swift */; };
		8126AF68286FD796007DBAB9 /* MomentumiOSTests.swift in Sources */ = {isa = PBXBuildFile; fileRef = 8126AF67286FD796007DBAB9 /* MomentumiOSTests.swift */; };
		8126AF71286FD82D007DBAB9 /* OfferView.swift in Sources */ = {isa = PBXBuildFile; fileRef = 8126AF70286FD82D007DBAB9 /* OfferView.swift */; };
		8126AF75286FDB2F007DBAB9 /* View+Swift.swift in Sources */ = {isa = PBXBuildFile; fileRef = 8126AF74286FDB2F007DBAB9 /* View+Swift.swift */; };
		8126AF77286FE009007DBAB9 /* Color+Swift.swift in Sources */ = {isa = PBXBuildFile; fileRef = 8126AF76286FE009007DBAB9 /* Color+Swift.swift */; };
		8126AF7B286FE3C2007DBAB9 /* Constants.swift in Sources */ = {isa = PBXBuildFile; fileRef = 8126AF7A286FE3C2007DBAB9 /* Constants.swift */; };
		8126AF82286FEF39007DBAB9 /* ContentWrapper.swift in Sources */ = {isa = PBXBuildFile; fileRef = 8126AF7D286FEF39007DBAB9 /* ContentWrapper.swift */; };
		8126AF84286FEF39007DBAB9 /* NavBar.swift in Sources */ = {isa = PBXBuildFile; fileRef = 8126AF7F286FEF39007DBAB9 /* NavBar.swift */; };
		8126AF85286FEF39007DBAB9 /* MenuView.swift in Sources */ = {isa = PBXBuildFile; fileRef = 8126AF80286FEF39007DBAB9 /* MenuView.swift */; };
		8126AF86286FEF39007DBAB9 /* BottomTabBar.swift in Sources */ = {isa = PBXBuildFile; fileRef = 8126AF81286FEF39007DBAB9 /* BottomTabBar.swift */; };
		8126AF89286FF12F007DBAB9 /* MenuButton.swift in Sources */ = {isa = PBXBuildFile; fileRef = 8126AF88286FF12F007DBAB9 /* MenuButton.swift */; };
		8126AF8B286FFD84007DBAB9 /* BackgroundView.swift in Sources */ = {isa = PBXBuildFile; fileRef = 8126AF8A286FFD84007DBAB9 /* BackgroundView.swift */; };
		813A97CE2889D82600377943 /* GoogleService-Info.plist in Resources */ = {isa = PBXBuildFile; fileRef = 813A97CD2889D82600377943 /* GoogleService-Info.plist */; };
		813E158F287F48F10069A6BB /* PaymentSummaryContentViewModel.swift in Sources */ = {isa = PBXBuildFile; fileRef = 813E158E287F48F10069A6BB /* PaymentSummaryContentViewModel.swift */; };
		813E775E288DC60500109C19 /* ProfileView.swift in Sources */ = {isa = PBXBuildFile; fileRef = 813E775D288DC60500109C19 /* ProfileView.swift */; };
		8142D16728918A24001C206A /* Provides.swift in Sources */ = {isa = PBXBuildFile; fileRef = 8142D16628918A24001C206A /* Provides.swift */; };
		814525F528793F3300989B4C /* Lottie in Frameworks */ = {isa = PBXBuildFile; productRef = 814525F428793F3300989B4C /* Lottie */; };
		814525F728793F5000989B4C /* LottieView.swift in Sources */ = {isa = PBXBuildFile; fileRef = 814525F628793F5000989B4C /* LottieView.swift */; };
		814525F9287940DF00989B4C /* failed.json in Resources */ = {isa = PBXBuildFile; fileRef = 814525F8287940DF00989B4C /* failed.json */; };
		814525FB287940E900989B4C /* success.json in Resources */ = {isa = PBXBuildFile; fileRef = 814525FA287940E900989B4C /* success.json */; };
		814E5DE728778E470008BAC1 /* PaymentViewModel.swift in Sources */ = {isa = PBXBuildFile; fileRef = 814E5DE628778E470008BAC1 /* PaymentViewModel.swift */; };
		815F30122898276A008FB61E /* BaseXCTestCase.swift in Sources */ = {isa = PBXBuildFile; fileRef = 815F30112898276A008FB61E /* BaseXCTestCase.swift */; };
		816CCDE1288F365600795B59 /* LinkLabel.swift in Sources */ = {isa = PBXBuildFile; fileRef = 816CCDE0288F365600795B59 /* LinkLabel.swift */; };
		816CCDE328903C8C00795B59 /* SignInView.swift in Sources */ = {isa = PBXBuildFile; fileRef = 816CCDE228903C8C00795B59 /* SignInView.swift */; };
		8174D4BA28A1809A006AC7B4 /* PaymentContentSummaryViewModelTests.swift in Sources */ = {isa = PBXBuildFile; fileRef = 8174D4B928A1809A006AC7B4 /* PaymentContentSummaryViewModelTests.swift */; };
		81770C222877A314008B88F6 /* UIColor+Swift.swift in Sources */ = {isa = PBXBuildFile; fileRef = 81770C212877A314008B88F6 /* UIColor+Swift.swift */; };
		817AD150288BB0B00046441D /* SignUpView.swift in Sources */ = {isa = PBXBuildFile; fileRef = 817AD14F288BB0B00046441D /* SignUpView.swift */; };
		81826E28288A060400B22B6E /* Session.swift in Sources */ = {isa = PBXBuildFile; fileRef = 81826E27288A060400B22B6E /* Session.swift */; };
		8182E778288B91C500A9CF9D /* AuthControllerView.swift in Sources */ = {isa = PBXBuildFile; fileRef = 8182E777288B91C500A9CF9D /* AuthControllerView.swift */; };
		8182E77A288B91FB00A9CF9D /* BlurredBackground.swift in Sources */ = {isa = PBXBuildFile; fileRef = 8182E779288B91FB00A9CF9D /* BlurredBackground.swift */; };
		8182E77C288B9CC100A9CF9D /* PasswordTextfield.swift in Sources */ = {isa = PBXBuildFile; fileRef = 8182E77B288B9CC100A9CF9D /* PasswordTextfield.swift */; };
		81841AF82884C81200C42204 /* LaunchScreen.storyboard in Resources */ = {isa = PBXBuildFile; fileRef = 81841AF72884C81200C42204 /* LaunchScreen.storyboard */; };
		8184A3D9288B85FF00083399 /* NavConfiguration.swift in Sources */ = {isa = PBXBuildFile; fileRef = 8184A3D8288B85FF00083399 /* NavConfiguration.swift */; };
		8186F1EE2894E84E00FEA781 /* KeyboardToolbar in Frameworks */ = {isa = PBXBuildFile; productRef = 8186F1ED2894E84E00FEA781 /* KeyboardToolbar */; };
		8186F1F12894EA0700FEA781 /* Introspect in Frameworks */ = {isa = PBXBuildFile; productRef = 8186F1F02894EA0700FEA781 /* Introspect */; };
		81888DF1288A0FDD00752590 /* Resolver.swift in Sources */ = {isa = PBXBuildFile; fileRef = 81888DF0288A0FDD00752590 /* Resolver.swift */; };
		81888DF3288A11EE00752590 /* Inject.swift in Sources */ = {isa = PBXBuildFile; fileRef = 81888DF2288A11EE00752590 /* Inject.swift */; };
		81888DF6288A12F200752590 /* DiRegistry.swift in Sources */ = {isa = PBXBuildFile; fileRef = 81888DF5288A12F200752590 /* DiRegistry.swift */; };
		818A2E99288DFE5E005D7449 /* BasePlainExpandableCard.swift in Sources */ = {isa = PBXBuildFile; fileRef = 818A2E98288DFE5E005D7449 /* BasePlainExpandableCard.swift */; };
		818CA42D2890E04B001A5D4D /* Resolving.swift in Sources */ = {isa = PBXBuildFile; fileRef = 818CA42C2890E04B001A5D4D /* Resolving.swift */; };
		818CA42F2890E553001A5D4D /* Binds.swift in Sources */ = {isa = PBXBuildFile; fileRef = 818CA42E2890E553001A5D4D /* Binds.swift */; };
		818E26142893B51A00749888 /* FirebaseAuth in Frameworks */ = {isa = PBXBuildFile; productRef = 818E26132893B51A00749888 /* FirebaseAuth */; };
		818E26162893B51A00749888 /* FirebaseFirestore in Frameworks */ = {isa = PBXBuildFile; productRef = 818E26152893B51A00749888 /* FirebaseFirestore */; };
		819497FE288797240099B30B /* TransactionLabel.swift in Sources */ = {isa = PBXBuildFile; fileRef = 819497FD288797240099B30B /* TransactionLabel.swift */; };
		819498002887B2460099B30B /* ToggleLabel.swift in Sources */ = {isa = PBXBuildFile; fileRef = 819497FF2887B2460099B30B /* ToggleLabel.swift */; };
		819B795028708F020010B960 /* OfferViewModel.swift in Sources */ = {isa = PBXBuildFile; fileRef = 819B794F28708F020010B960 /* OfferViewModel.swift */; };
		819B7952287098FA0010B960 /* Log.swift in Sources */ = {isa = PBXBuildFile; fileRef = 819B7951287098FA0010B960 /* Log.swift */; };
		819E6161288654F0007BD761 /* TransactionView.swift in Sources */ = {isa = PBXBuildFile; fileRef = 819E6160288654F0007BD761 /* TransactionView.swift */; };
		819E616328865523007BD761 /* TransactionViewModel.swift in Sources */ = {isa = PBXBuildFile; fileRef = 819E616228865523007BD761 /* TransactionViewModel.swift */; };
		81ABDEE72893AFC300C98645 /* Stripe in Frameworks */ = {isa = PBXBuildFile; productRef = 81ABDEE62893AFC300C98645 /* Stripe */; };
		81ABDEE92893AFC300C98645 /* StripeApplePay in Frameworks */ = {isa = PBXBuildFile; productRef = 81ABDEE82893AFC300C98645 /* StripeApplePay */; };
		81ABDEEB2893AFC300C98645 /* StripeCardScan in Frameworks */ = {isa = PBXBuildFile; productRef = 81ABDEEA2893AFC300C98645 /* StripeCardScan */; };
		81ACD6412897A888002862D2 /* DiRegistry.swift in Sources */ = {isa = PBXBuildFile; fileRef = 81ACD6402897A888002862D2 /* DiRegistry.swift */; };
		81B802D42877E4080008509D /* LoadingView.swift in Sources */ = {isa = PBXBuildFile; fileRef = 81B802D32877E4080008509D /* LoadingView.swift */; };
		81B802D62877E46A0008509D /* PaymentSummaryView.swift in Sources */ = {isa = PBXBuildFile; fileRef = 81B802D52877E46A0008509D /* PaymentSummaryView.swift */; };
		81B802D82877E7C40008509D /* PaymentResultView.swift in Sources */ = {isa = PBXBuildFile; fileRef = 81B802D72877E7C40008509D /* PaymentResultView.swift */; };
		81B802DA2877E7D80008509D /* PaymentSuccessView.swift in Sources */ = {isa = PBXBuildFile; fileRef = 81B802D92877E7D80008509D /* PaymentSuccessView.swift */; };
		81B802DC2877E7FF0008509D /* PaymentFailureView.swift in Sources */ = {isa = PBXBuildFile; fileRef = 81B802DB2877E7FF0008509D /* PaymentFailureView.swift */; };
		81B802DE2877ED7F0008509D /* FilledButtonStyle.swift in Sources */ = {isa = PBXBuildFile; fileRef = 81B802DD2877ED7F0008509D /* FilledButtonStyle.swift */; };
		81E7C66C28A186D200CE6240 /* FakePaymentController.swift in Sources */ = {isa = PBXBuildFile; fileRef = 81E7C66B28A186D200CE6240 /* FakePaymentController.swift */; };
		81E7C66F28A1E03B00CE6240 /* OfferViemodelTests.swift in Sources */ = {isa = PBXBuildFile; fileRef = 81E7C66E28A1E03B00CE6240 /* OfferViemodelTests.swift */; };
		81E7C67228A1F8A100CE6240 /* FakeTransactionController.swift in Sources */ = {isa = PBXBuildFile; fileRef = 81E7C67128A1F8A100CE6240 /* FakeTransactionController.swift */; };
		81E7C67428A1FB2600CE6240 /* TransactionViewModelTests.swift in Sources */ = {isa = PBXBuildFile; fileRef = 81E7C67328A1FB2600CE6240 /* TransactionViewModelTests.swift */; };
		81E8F8D12892144400F4A87C /* ProfileCards.swift in Sources */ = {isa = PBXBuildFile; fileRef = 81E8F8D02892144400F4A87C /* ProfileCards.swift */; };
		81E8F8D428921F1300F4A87C /* SessionTime.swift in Sources */ = {isa = PBXBuildFile; fileRef = 81E8F8D328921F1300F4A87C /* SessionTime.swift */; };
		81E937CD288E4F2400D74BD3 /* ProfileViewModel.swift in Sources */ = {isa = PBXBuildFile; fileRef = 81E937CC288E4F2400D74BD3 /* ProfileViewModel.swift */; };
		81E937CF288E5E2A00D74BD3 /* TitledTextField.swift in Sources */ = {isa = PBXBuildFile; fileRef = 81E937CE288E5E2A00D74BD3 /* TitledTextField.swift */; };
/* End PBXBuildFile section */

/* Begin PBXContainerItemProxy section */
		8126AF69286FD796007DBAB9 /* PBXContainerItemProxy */ = {
			isa = PBXContainerItemProxy;
			containerPortal = 7555FF73242A565900829871 /* Project object */;
			proxyType = 1;
			remoteGlobalIDString = 7555FF7A242A565900829871;
			remoteInfo = MomentumiOS;
		};
/* End PBXContainerItemProxy section */

/* Begin PBXFileReference section */
		058557BA273AAA24004C7B11 /* Assets.xcassets */ = {isa = PBXFileReference; lastKnownFileType = folder.assetcatalog; path = Assets.xcassets; sourceTree = "<group>"; };
		058557D8273AAEEB004C7B11 /* Preview Assets.xcassets */ = {isa = PBXFileReference; lastKnownFileType = folder.assetcatalog; path = "Preview Assets.xcassets"; sourceTree = "<group>"; };
		06D68FEC8ABE2B8A7159EAFB /* Pods-MomentumiOS.release.xcconfig */ = {isa = PBXFileReference; includeInIndex = 1; lastKnownFileType = text.xcconfig; name = "Pods-MomentumiOS.release.xcconfig"; path = "Target Support Files/Pods-MomentumiOS/Pods-MomentumiOS.release.xcconfig"; sourceTree = "<group>"; };
		2152FB032600AC8F00CF470E /* iOSApp.swift */ = {isa = PBXFileReference; lastKnownFileType = sourcecode.swift; path = iOSApp.swift; sourceTree = "<group>"; };
		7555FF7B242A565900829871 /* MomentumiOS.app */ = {isa = PBXFileReference; explicitFileType = wrapper.application; includeInIndex = 0; path = MomentumiOS.app; sourceTree = BUILT_PRODUCTS_DIR; };
		7555FF82242A565900829871 /* ContentView.swift */ = {isa = PBXFileReference; lastKnownFileType = sourcecode.swift; path = ContentView.swift; sourceTree = "<group>"; };
		7555FF8C242A565B00829871 /* Info.plist */ = {isa = PBXFileReference; lastKnownFileType = text.plist.xml; path = Info.plist; sourceTree = "<group>"; };
		7C018D438F8DF226DE8A725D /* Pods_MomentumiOS.framework */ = {isa = PBXFileReference; explicitFileType = wrapper.framework; includeInIndex = 0; path = Pods_MomentumiOS.framework; sourceTree = BUILT_PRODUCTS_DIR; };
		810FDA3E28A179C200064D16 /* TestConstants.swift */ = {isa = PBXFileReference; lastKnownFileType = sourcecode.swift; path = TestConstants.swift; sourceTree = "<group>"; };
		811A3E7C287E05D90052682B /* ToggleAmountLabel.swift */ = {isa = PBXFileReference; lastKnownFileType = sourcecode.swift; path = ToggleAmountLabel.swift; sourceTree = "<group>"; };
		811A3E7E287E16AE0052682B /* PaymentSummaryContentView.swift */ = {isa = PBXFileReference; lastKnownFileType = sourcecode.swift; path = PaymentSummaryContentView.swift; sourceTree = "<group>"; };
		81246B78289849C4008A7173 /* PaymentViewModelTests.swift */ = {isa = PBXFileReference; lastKnownFileType = sourcecode.swift; path = PaymentViewModelTests.swift; sourceTree = "<group>"; };
		8126AF65286FD796007DBAB9 /* MomentumiOSTests.xctest */ = {isa = PBXFileReference; explicitFileType = wrapper.cfbundle; includeInIndex = 0; path = MomentumiOSTests.xctest; sourceTree = BUILT_PRODUCTS_DIR; };
		8126AF67286FD796007DBAB9 /* MomentumiOSTests.swift */ = {isa = PBXFileReference; lastKnownFileType = sourcecode.swift; path = MomentumiOSTests.swift; sourceTree = "<group>"; };
		8126AF70286FD82D007DBAB9 /* OfferView.swift */ = {isa = PBXFileReference; lastKnownFileType = sourcecode.swift; path = OfferView.swift; sourceTree = "<group>"; };
		8126AF74286FDB2F007DBAB9 /* View+Swift.swift */ = {isa = PBXFileReference; lastKnownFileType = sourcecode.swift; path = "View+Swift.swift"; sourceTree = "<group>"; };
		8126AF76286FE009007DBAB9 /* Color+Swift.swift */ = {isa = PBXFileReference; lastKnownFileType = sourcecode.swift; path = "Color+Swift.swift"; sourceTree = "<group>"; };
		8126AF7A286FE3C2007DBAB9 /* Constants.swift */ = {isa = PBXFileReference; lastKnownFileType = sourcecode.swift; path = Constants.swift; sourceTree = "<group>"; };
		8126AF7D286FEF39007DBAB9 /* ContentWrapper.swift */ = {isa = PBXFileReference; fileEncoding = 4; lastKnownFileType = sourcecode.swift; path = ContentWrapper.swift; sourceTree = "<group>"; };
		8126AF7F286FEF39007DBAB9 /* NavBar.swift */ = {isa = PBXFileReference; fileEncoding = 4; lastKnownFileType = sourcecode.swift; path = NavBar.swift; sourceTree = "<group>"; };
		8126AF80286FEF39007DBAB9 /* MenuView.swift */ = {isa = PBXFileReference; fileEncoding = 4; lastKnownFileType = sourcecode.swift; path = MenuView.swift; sourceTree = "<group>"; };
		8126AF81286FEF39007DBAB9 /* BottomTabBar.swift */ = {isa = PBXFileReference; fileEncoding = 4; lastKnownFileType = sourcecode.swift; path = BottomTabBar.swift; sourceTree = "<group>"; };
		8126AF88286FF12F007DBAB9 /* MenuButton.swift */ = {isa = PBXFileReference; fileEncoding = 4; lastKnownFileType = sourcecode.swift; path = MenuButton.swift; sourceTree = "<group>"; };
		8126AF8A286FFD84007DBAB9 /* BackgroundView.swift */ = {isa = PBXFileReference; lastKnownFileType = sourcecode.swift; path = BackgroundView.swift; sourceTree = "<group>"; };
		813A97CD2889D82600377943 /* GoogleService-Info.plist */ = {isa = PBXFileReference; fileEncoding = 4; lastKnownFileType = text.plist.xml; path = "GoogleService-Info.plist"; sourceTree = "<group>"; };
		813E158E287F48F10069A6BB /* PaymentSummaryContentViewModel.swift */ = {isa = PBXFileReference; lastKnownFileType = sourcecode.swift; path = PaymentSummaryContentViewModel.swift; sourceTree = "<group>"; };
		813E775D288DC60500109C19 /* ProfileView.swift */ = {isa = PBXFileReference; lastKnownFileType = sourcecode.swift; path = ProfileView.swift; sourceTree = "<group>"; };
		8142D16628918A24001C206A /* Provides.swift */ = {isa = PBXFileReference; lastKnownFileType = sourcecode.swift; path = Provides.swift; sourceTree = "<group>"; };
		814525F628793F5000989B4C /* LottieView.swift */ = {isa = PBXFileReference; lastKnownFileType = sourcecode.swift; path = LottieView.swift; sourceTree = "<group>"; };
		814525F8287940DF00989B4C /* failed.json */ = {isa = PBXFileReference; fileEncoding = 4; lastKnownFileType = text.json; path = failed.json; sourceTree = "<group>"; };
		814525FA287940E900989B4C /* success.json */ = {isa = PBXFileReference; fileEncoding = 4; lastKnownFileType = text.json; path = success.json; sourceTree = "<group>"; };
		814E5DE628778E470008BAC1 /* PaymentViewModel.swift */ = {isa = PBXFileReference; lastKnownFileType = sourcecode.swift; path = PaymentViewModel.swift; sourceTree = "<group>"; };
		815F30112898276A008FB61E /* BaseXCTestCase.swift */ = {isa = PBXFileReference; lastKnownFileType = sourcecode.swift; path = BaseXCTestCase.swift; sourceTree = "<group>"; };
		816CCDE0288F365600795B59 /* LinkLabel.swift */ = {isa = PBXFileReference; lastKnownFileType = sourcecode.swift; path = LinkLabel.swift; sourceTree = "<group>"; };
		816CCDE228903C8C00795B59 /* SignInView.swift */ = {isa = PBXFileReference; lastKnownFileType = sourcecode.swift; path = SignInView.swift; sourceTree = "<group>"; };
		8174D4B928A1809A006AC7B4 /* PaymentContentSummaryViewModelTests.swift */ = {isa = PBXFileReference; lastKnownFileType = sourcecode.swift; path = PaymentContentSummaryViewModelTests.swift; sourceTree = "<group>"; };
		81770C212877A314008B88F6 /* UIColor+Swift.swift */ = {isa = PBXFileReference; lastKnownFileType = sourcecode.swift; path = "UIColor+Swift.swift"; sourceTree = "<group>"; };
		817AD14F288BB0B00046441D /* SignUpView.swift */ = {isa = PBXFileReference; lastKnownFileType = sourcecode.swift; path = SignUpView.swift; sourceTree = "<group>"; };
		81826E27288A060400B22B6E /* Session.swift */ = {isa = PBXFileReference; lastKnownFileType = sourcecode.swift; path = Session.swift; sourceTree = "<group>"; };
		8182E777288B91C500A9CF9D /* AuthControllerView.swift */ = {isa = PBXFileReference; lastKnownFileType = sourcecode.swift; path = AuthControllerView.swift; sourceTree = "<group>"; };
		8182E779288B91FB00A9CF9D /* BlurredBackground.swift */ = {isa = PBXFileReference; lastKnownFileType = sourcecode.swift; path = BlurredBackground.swift; sourceTree = "<group>"; };
		8182E77B288B9CC100A9CF9D /* PasswordTextfield.swift */ = {isa = PBXFileReference; lastKnownFileType = sourcecode.swift; path = PasswordTextfield.swift; sourceTree = "<group>"; };
		81841AF72884C81200C42204 /* LaunchScreen.storyboard */ = {isa = PBXFileReference; lastKnownFileType = file.storyboard; path = LaunchScreen.storyboard; sourceTree = "<group>"; };
		8184A3D8288B85FF00083399 /* NavConfiguration.swift */ = {isa = PBXFileReference; lastKnownFileType = sourcecode.swift; path = NavConfiguration.swift; sourceTree = "<group>"; };
		81888DF0288A0FDD00752590 /* Resolver.swift */ = {isa = PBXFileReference; lastKnownFileType = sourcecode.swift; path = Resolver.swift; sourceTree = "<group>"; };
		81888DF2288A11EE00752590 /* Inject.swift */ = {isa = PBXFileReference; lastKnownFileType = sourcecode.swift; path = Inject.swift; sourceTree = "<group>"; };
		81888DF5288A12F200752590 /* DiRegistry.swift */ = {isa = PBXFileReference; lastKnownFileType = sourcecode.swift; path = DiRegistry.swift; sourceTree = "<group>"; };
		818A2E98288DFE5E005D7449 /* BasePlainExpandableCard.swift */ = {isa = PBXFileReference; lastKnownFileType = sourcecode.swift; path = BasePlainExpandableCard.swift; sourceTree = "<group>"; };
		818CA42C2890E04B001A5D4D /* Resolving.swift */ = {isa = PBXFileReference; lastKnownFileType = sourcecode.swift; path = Resolving.swift; sourceTree = "<group>"; };
		818CA42E2890E553001A5D4D /* Binds.swift */ = {isa = PBXFileReference; lastKnownFileType = sourcecode.swift; path = Binds.swift; sourceTree = "<group>"; };
		819497FD288797240099B30B /* TransactionLabel.swift */ = {isa = PBXFileReference; lastKnownFileType = sourcecode.swift; path = TransactionLabel.swift; sourceTree = "<group>"; };
		819497FF2887B2460099B30B /* ToggleLabel.swift */ = {isa = PBXFileReference; lastKnownFileType = sourcecode.swift; path = ToggleLabel.swift; sourceTree = "<group>"; };
		819B794F28708F020010B960 /* OfferViewModel.swift */ = {isa = PBXFileReference; lastKnownFileType = sourcecode.swift; path = OfferViewModel.swift; sourceTree = "<group>"; };
		819B7951287098FA0010B960 /* Log.swift */ = {isa = PBXFileReference; lastKnownFileType = sourcecode.swift; path = Log.swift; sourceTree = "<group>"; };
		819E6160288654F0007BD761 /* TransactionView.swift */ = {isa = PBXFileReference; lastKnownFileType = sourcecode.swift; path = TransactionView.swift; sourceTree = "<group>"; };
		819E616228865523007BD761 /* TransactionViewModel.swift */ = {isa = PBXFileReference; lastKnownFileType = sourcecode.swift; path = TransactionViewModel.swift; sourceTree = "<group>"; };
		81ABDEEC2893AFE700C98645 /* MomentumiOS.entitlements */ = {isa = PBXFileReference; lastKnownFileType = text.plist.entitlements; path = MomentumiOS.entitlements; sourceTree = "<group>"; };
		81ACD6402897A888002862D2 /* DiRegistry.swift */ = {isa = PBXFileReference; lastKnownFileType = sourcecode.swift; path = DiRegistry.swift; sourceTree = "<group>"; };
		81B802D32877E4080008509D /* LoadingView.swift */ = {isa = PBXFileReference; lastKnownFileType = sourcecode.swift; path = LoadingView.swift; sourceTree = "<group>"; };
		81B802D52877E46A0008509D /* PaymentSummaryView.swift */ = {isa = PBXFileReference; lastKnownFileType = sourcecode.swift; path = PaymentSummaryView.swift; sourceTree = "<group>"; };
		81B802D72877E7C40008509D /* PaymentResultView.swift */ = {isa = PBXFileReference; lastKnownFileType = sourcecode.swift; path = PaymentResultView.swift; sourceTree = "<group>"; };
		81B802D92877E7D80008509D /* PaymentSuccessView.swift */ = {isa = PBXFileReference; lastKnownFileType = sourcecode.swift; path = PaymentSuccessView.swift; sourceTree = "<group>"; };
		81B802DB2877E7FF0008509D /* PaymentFailureView.swift */ = {isa = PBXFileReference; lastKnownFileType = sourcecode.swift; path = PaymentFailureView.swift; sourceTree = "<group>"; };
		81B802DD2877ED7F0008509D /* FilledButtonStyle.swift */ = {isa = PBXFileReference; lastKnownFileType = sourcecode.swift; path = FilledButtonStyle.swift; sourceTree = "<group>"; };
		81E7C66B28A186D200CE6240 /* FakePaymentController.swift */ = {isa = PBXFileReference; lastKnownFileType = sourcecode.swift; path = FakePaymentController.swift; sourceTree = "<group>"; };
		81E7C66E28A1E03B00CE6240 /* OfferViemodelTests.swift */ = {isa = PBXFileReference; lastKnownFileType = sourcecode.swift; path = OfferViemodelTests.swift; sourceTree = "<group>"; };
		81E7C67128A1F8A100CE6240 /* FakeTransactionController.swift */ = {isa = PBXFileReference; lastKnownFileType = sourcecode.swift; path = FakeTransactionController.swift; sourceTree = "<group>"; };
		81E7C67328A1FB2600CE6240 /* TransactionViewModelTests.swift */ = {isa = PBXFileReference; lastKnownFileType = sourcecode.swift; path = TransactionViewModelTests.swift; sourceTree = "<group>"; };
		81E8F8D02892144400F4A87C /* ProfileCards.swift */ = {isa = PBXFileReference; lastKnownFileType = sourcecode.swift; path = ProfileCards.swift; sourceTree = "<group>"; };
		81E8F8D328921F1300F4A87C /* SessionTime.swift */ = {isa = PBXFileReference; lastKnownFileType = sourcecode.swift; path = SessionTime.swift; sourceTree = "<group>"; };
		81E937CC288E4F2400D74BD3 /* ProfileViewModel.swift */ = {isa = PBXFileReference; lastKnownFileType = sourcecode.swift; path = ProfileViewModel.swift; sourceTree = "<group>"; };
		81E937CE288E5E2A00D74BD3 /* TitledTextField.swift */ = {isa = PBXFileReference; lastKnownFileType = sourcecode.swift; path = TitledTextField.swift; sourceTree = "<group>"; };
		8FCA518C1E38B3D34FB9D1EF /* Pods-MomentumiOS.debug.xcconfig */ = {isa = PBXFileReference; includeInIndex = 1; lastKnownFileType = text.xcconfig; name = "Pods-MomentumiOS.debug.xcconfig"; path = "Target Support Files/Pods-MomentumiOS/Pods-MomentumiOS.debug.xcconfig"; sourceTree = "<group>"; };
/* End PBXFileReference section */

/* Begin PBXFrameworksBuildPhase section */
		14F1C9CD6FA9E18EB9AA8CDE /* Frameworks */ = {
			isa = PBXFrameworksBuildPhase;
			buildActionMask = 2147483647;
			files = (
				81ABDEEB2893AFC300C98645 /* StripeCardScan in Frameworks */,
				8186F1F12894EA0700FEA781 /* Introspect in Frameworks */,
				818E26142893B51A00749888 /* FirebaseAuth in Frameworks */,
				81ABDEE92893AFC300C98645 /* StripeApplePay in Frameworks */,
				8186F1EE2894E84E00FEA781 /* KeyboardToolbar in Frameworks */,
				814525F528793F3300989B4C /* Lottie in Frameworks */,
				81ABDEE72893AFC300C98645 /* Stripe in Frameworks */,
				3703363E8055D813FEFB7DBA /* Pods_MomentumiOS.framework in Frameworks */,
				818E26162893B51A00749888 /* FirebaseFirestore in Frameworks */,
			);
			runOnlyForDeploymentPostprocessing = 0;
		};
		8126AF62286FD796007DBAB9 /* Frameworks */ = {
			isa = PBXFrameworksBuildPhase;
			buildActionMask = 2147483647;
			files = (
			);
			runOnlyForDeploymentPostprocessing = 0;
		};
/* End PBXFrameworksBuildPhase section */

/* Begin PBXGroup section */
		058557D7273AAEEB004C7B11 /* Preview Content */ = {
			isa = PBXGroup;
			children = (
				058557D8273AAEEB004C7B11 /* Preview Assets.xcassets */,
			);
			path = "Preview Content";
			sourceTree = "<group>";
		};
		194A20D17A84CE200EBD6401 /* Frameworks */ = {
			isa = PBXGroup;
			children = (
				7C018D438F8DF226DE8A725D /* Pods_MomentumiOS.framework */,
			);
			name = Frameworks;
			sourceTree = "<group>";
		};
		7555FF72242A565900829871 = {
			isa = PBXGroup;
			children = (
				7555FF7D242A565900829871 /* MomentumiOS */,
				8126AF66286FD796007DBAB9 /* MomentumiOSTests */,
				7555FF7C242A565900829871 /* Products */,
				7584D38758AC63FC737B544C /* Pods */,
				194A20D17A84CE200EBD6401 /* Frameworks */,
			);
			sourceTree = "<group>";
		};
		7555FF7C242A565900829871 /* Products */ = {
			isa = PBXGroup;
			children = (
				7555FF7B242A565900829871 /* MomentumiOS.app */,
				8126AF65286FD796007DBAB9 /* MomentumiOSTests.xctest */,
			);
			name = Products;
			sourceTree = "<group>";
		};
		7555FF7D242A565900829871 /* MomentumiOS */ = {
			isa = PBXGroup;
			children = (
				81ABDEEC2893AFE700C98645 /* MomentumiOS.entitlements */,
				813A97CD2889D82600377943 /* GoogleService-Info.plist */,
				81841AF72884C81200C42204 /* LaunchScreen.storyboard */,
				058557BA273AAA24004C7B11 /* Assets.xcassets */,
				8126AF72286FDB05007DBAB9 /* Core */,
				81888DF4288A12C700752590 /* Di */,
				8126AF6E286FD7AF007DBAB9 /* Presentation */,
				7555FF8C242A565B00829871 /* Info.plist */,
				2152FB032600AC8F00CF470E /* iOSApp.swift */,
				058557D7273AAEEB004C7B11 /* Preview Content */,
			);
			path = MomentumiOS;
			sourceTree = "<group>";
		};
		7584D38758AC63FC737B544C /* Pods */ = {
			isa = PBXGroup;
			children = (
				8FCA518C1E38B3D34FB9D1EF /* Pods-MomentumiOS.debug.xcconfig */,
				06D68FEC8ABE2B8A7159EAFB /* Pods-MomentumiOS.release.xcconfig */,
			);
			path = Pods;
			sourceTree = "<group>";
		};
		810FDA3D28A1799500064D16 /* Utils */ = {
			isa = PBXGroup;
			children = (
				810FDA3E28A179C200064D16 /* TestConstants.swift */,
			);
			path = Utils;
			sourceTree = "<group>";
		};
		8126AF66286FD796007DBAB9 /* MomentumiOSTests */ = {
			isa = PBXGroup;
			children = (
				810FDA3D28A1799500064D16 /* Utils */,
				81ACD63F2897A84C002862D2 /* Di */,
				81E7C67028A1F34D00CE6240 /* Transactions */,
				81E7C66D28A1DFF300CE6240 /* Offer */,
				81ACD63C2897A793002862D2 /* Payments */,
				8126AF67286FD796007DBAB9 /* MomentumiOSTests.swift */,
				815F30112898276A008FB61E /* BaseXCTestCase.swift */,
			);
			path = MomentumiOSTests;
			sourceTree = "<group>";
		};
		8126AF6E286FD7AF007DBAB9 /* Presentation */ = {
			isa = PBXGroup;
			children = (
				813E775C288DC5C700109C19 /* Profile */,
				8182E776288B919700A9CF9D /* Auth */,
				8126AF87286FF11B007DBAB9 /* Component */,
				8126AF7C286FEF39007DBAB9 /* Navigation */,
				81A4013828852F6900C0802D /* Transactions */,
				8126AF6F286FD7EB007DBAB9 /* Offer */,
				814E5DE528778E270008BAC1 /* Payments */,
				7555FF82242A565900829871 /* ContentView.swift */,
			);
			path = Presentation;
			sourceTree = "<group>";
		};
		8126AF6F286FD7EB007DBAB9 /* Offer */ = {
			isa = PBXGroup;
			children = (
				8126AF70286FD82D007DBAB9 /* OfferView.swift */,
				819B794F28708F020010B960 /* OfferViewModel.swift */,
			);
			path = Offer;
			sourceTree = "<group>";
		};
		8126AF72286FDB05007DBAB9 /* Core */ = {
			isa = PBXGroup;
			children = (
				814525F228793A6900989B4C /* Animations */,
				8126AF78286FE38D007DBAB9 /* Utils */,
				8126AF73286FDB0D007DBAB9 /* Exts */,
			);
			path = Core;
			sourceTree = "<group>";
		};
		8126AF73286FDB0D007DBAB9 /* Exts */ = {
			isa = PBXGroup;
			children = (
				8126AF74286FDB2F007DBAB9 /* View+Swift.swift */,
				8126AF76286FE009007DBAB9 /* Color+Swift.swift */,
				81770C212877A314008B88F6 /* UIColor+Swift.swift */,
			);
			path = Exts;
			sourceTree = "<group>";
		};
		8126AF78286FE38D007DBAB9 /* Utils */ = {
			isa = PBXGroup;
			children = (
				81E8F8D228921EF800F4A87C /* Session */,
				8142D165289189F7001C206A /* Di */,
				8142D164289189E4001C206A /* enums */,
				8126AF7A286FE3C2007DBAB9 /* Constants.swift */,
				819B7951287098FA0010B960 /* Log.swift */,
			);
			path = Utils;
			sourceTree = "<group>";
		};
		8126AF7C286FEF39007DBAB9 /* Navigation */ = {
			isa = PBXGroup;
			children = (
				8126AF7D286FEF39007DBAB9 /* ContentWrapper.swift */,
				8126AF7F286FEF39007DBAB9 /* NavBar.swift */,
				8126AF80286FEF39007DBAB9 /* MenuView.swift */,
				8126AF81286FEF39007DBAB9 /* BottomTabBar.swift */,
			);
			path = Navigation;
			sourceTree = "<group>";
		};
		8126AF87286FF11B007DBAB9 /* Component */ = {
			isa = PBXGroup;
			children = (
				81B802DF2877ED940008509D /* Styles */,
				8182E77B288B9CC100A9CF9D /* PasswordTextfield.swift */,
				8126AF88286FF12F007DBAB9 /* MenuButton.swift */,
				8126AF8A286FFD84007DBAB9 /* BackgroundView.swift */,
				81B802D32877E4080008509D /* LoadingView.swift */,
				814525F628793F5000989B4C /* LottieView.swift */,
				811A3E7C287E05D90052682B /* ToggleAmountLabel.swift */,
				819497FD288797240099B30B /* TransactionLabel.swift */,
				8182E779288B91FB00A9CF9D /* BlurredBackground.swift */,
				818A2E98288DFE5E005D7449 /* BasePlainExpandableCard.swift */,
				81E937CE288E5E2A00D74BD3 /* TitledTextField.swift */,
				816CCDE0288F365600795B59 /* LinkLabel.swift */,
			);
			path = Component;
			sourceTree = "<group>";
		};
		813E775C288DC5C700109C19 /* Profile */ = {
			isa = PBXGroup;
			children = (
				813E775D288DC60500109C19 /* ProfileView.swift */,
				81E937CC288E4F2400D74BD3 /* ProfileViewModel.swift */,
			);
			path = Profile;
			sourceTree = "<group>";
		};
		8142D164289189E4001C206A /* enums */ = {
			isa = PBXGroup;
			children = (
				8184A3D8288B85FF00083399 /* NavConfiguration.swift */,
				819497FF2887B2460099B30B /* ToggleLabel.swift */,
				81E8F8D02892144400F4A87C /* ProfileCards.swift */,
			);
			path = enums;
			sourceTree = "<group>";
		};
		8142D165289189F7001C206A /* Di */ = {
			isa = PBXGroup;
			children = (
				818CA42C2890E04B001A5D4D /* Resolving.swift */,
				81888DF0288A0FDD00752590 /* Resolver.swift */,
				81888DF2288A11EE00752590 /* Inject.swift */,
				818CA42E2890E553001A5D4D /* Binds.swift */,
				8142D16628918A24001C206A /* Provides.swift */,
			);
			path = Di;
			sourceTree = "<group>";
		};
		814525F228793A6900989B4C /* Animations */ = {
			isa = PBXGroup;
			children = (
				814525FA287940E900989B4C /* success.json */,
				814525F8287940DF00989B4C /* failed.json */,
			);
			path = Animations;
			sourceTree = "<group>";
		};
		814E5DE528778E270008BAC1 /* Payments */ = {
			isa = PBXGroup;
			children = (
				814E5DE628778E470008BAC1 /* PaymentViewModel.swift */,
				81B802D52877E46A0008509D /* PaymentSummaryView.swift */,
				81B802D72877E7C40008509D /* PaymentResultView.swift */,
				81B802D92877E7D80008509D /* PaymentSuccessView.swift */,
				81B802DB2877E7FF0008509D /* PaymentFailureView.swift */,
				811A3E7E287E16AE0052682B /* PaymentSummaryContentView.swift */,
				813E158E287F48F10069A6BB /* PaymentSummaryContentViewModel.swift */,
			);
			path = Payments;
			sourceTree = "<group>";
		};
		8182E776288B919700A9CF9D /* Auth */ = {
			isa = PBXGroup;
			children = (
				817AD14F288BB0B00046441D /* SignUpView.swift */,
				8182E777288B91C500A9CF9D /* AuthControllerView.swift */,
				816CCDE228903C8C00795B59 /* SignInView.swift */,
			);
			path = Auth;
			sourceTree = "<group>";
		};
		81888DF4288A12C700752590 /* Di */ = {
			isa = PBXGroup;
			children = (
				81888DF5288A12F200752590 /* DiRegistry.swift */,
			);
			path = Di;
			sourceTree = "<group>";
		};
		81A4013828852F6900C0802D /* Transactions */ = {
			isa = PBXGroup;
			children = (
				819E6160288654F0007BD761 /* TransactionView.swift */,
				819E616228865523007BD761 /* TransactionViewModel.swift */,
			);
			path = Transactions;
			sourceTree = "<group>";
		};
		81ACD63C2897A793002862D2 /* Payments */ = {
			isa = PBXGroup;
			children = (
				81E7C66B28A186D200CE6240 /* FakePaymentController.swift */,
				8174D4B928A1809A006AC7B4 /* PaymentContentSummaryViewModelTests.swift */,
				81246B78289849C4008A7173 /* PaymentViewModelTests.swift */,
			);
			path = Payments;
			sourceTree = "<group>";
		};
		81ACD63F2897A84C002862D2 /* Di */ = {
			isa = PBXGroup;
			children = (
				81ACD6402897A888002862D2 /* DiRegistry.swift */,
			);
			path = Di;
			sourceTree = "<group>";
		};
		81B802DF2877ED940008509D /* Styles */ = {
			isa = PBXGroup;
			children = (
				81B802DD2877ED7F0008509D /* FilledButtonStyle.swift */,
			);
			path = Styles;
			sourceTree = "<group>";
		};
		81E7C66D28A1DFF300CE6240 /* Offer */ = {
			isa = PBXGroup;
			children = (
				81E7C66E28A1E03B00CE6240 /* OfferViemodelTests.swift */,
			);
			path = Offer;
			sourceTree = "<group>";
		};
		81E7C67028A1F34D00CE6240 /* Transactions */ = {
			isa = PBXGroup;
			children = (
				81E7C67128A1F8A100CE6240 /* FakeTransactionController.swift */,
				81E7C67328A1FB2600CE6240 /* TransactionViewModelTests.swift */,
			);
			path = Transactions;
			sourceTree = "<group>";
		};
		81E8F8D228921EF800F4A87C /* Session */ = {
			isa = PBXGroup;
			children = (
				81826E27288A060400B22B6E /* Session.swift */,
				81E8F8D328921F1300F4A87C /* SessionTime.swift */,
			);
			path = Session;
			sourceTree = "<group>";
		};
/* End PBXGroup section */

/* Begin PBXNativeTarget section */
		7555FF7A242A565900829871 /* MomentumiOS */ = {
			isa = PBXNativeTarget;
			buildConfigurationList = 7555FFA5242A565B00829871 /* Build configuration list for PBXNativeTarget "MomentumiOS" */;
			buildPhases = (
				5A9D9C006D723722A06007DE /* [CP] Check Pods Manifest.lock */,
				7555FF77242A565900829871 /* Sources */,
				7555FF79242A565900829871 /* Resources */,
				14F1C9CD6FA9E18EB9AA8CDE /* Frameworks */,
			);
			buildRules = (
			);
			dependencies = (
			);
			name = MomentumiOS;
			packageProductDependencies = (
				814525F428793F3300989B4C /* Lottie */,
				81ABDEE62893AFC300C98645 /* Stripe */,
				81ABDEE82893AFC300C98645 /* StripeApplePay */,
				81ABDEEA2893AFC300C98645 /* StripeCardScan */,
				818E26132893B51A00749888 /* FirebaseAuth */,
				818E26152893B51A00749888 /* FirebaseFirestore */,
				8186F1ED2894E84E00FEA781 /* KeyboardToolbar */,
				8186F1F02894EA0700FEA781 /* Introspect */,
			);
			productName = MomentumiOS;
			productReference = 7555FF7B242A565900829871 /* MomentumiOS.app */;
			productType = "com.apple.product-type.application";
		};
		8126AF64286FD796007DBAB9 /* MomentumiOSTests */ = {
			isa = PBXNativeTarget;
			buildConfigurationList = 8126AF6D286FD796007DBAB9 /* Build configuration list for PBXNativeTarget "MomentumiOSTests" */;
			buildPhases = (
				8126AF61286FD796007DBAB9 /* Sources */,
				8126AF62286FD796007DBAB9 /* Frameworks */,
				8126AF63286FD796007DBAB9 /* Resources */,
			);
			buildRules = (
			);
			dependencies = (
				8126AF6A286FD796007DBAB9 /* PBXTargetDependency */,
			);
			name = MomentumiOSTests;
			productName = MomentumiOSTests;
			productReference = 8126AF65286FD796007DBAB9 /* MomentumiOSTests.xctest */;
			productType = "com.apple.product-type.bundle.unit-test";
		};
/* End PBXNativeTarget section */

/* Begin PBXProject section */
		7555FF73242A565900829871 /* Project object */ = {
			isa = PBXProject;
			attributes = {
				LastSwiftUpdateCheck = 1340;
				LastUpgradeCheck = 1340;
				ORGANIZATIONNAME = Momentum;
				TargetAttributes = {
					7555FF7A242A565900829871 = {
						CreatedOnToolsVersion = 11.3.1;
					};
					8126AF64286FD796007DBAB9 = {
						CreatedOnToolsVersion = 13.4;
						LastSwiftMigration = 1340;
						TestTargetID = 7555FF7A242A565900829871;
					};
				};
			};
			buildConfigurationList = 7555FF76242A565900829871 /* Build configuration list for PBXProject "MomentumiOS" */;
			compatibilityVersion = "Xcode 9.3";
			developmentRegion = en;
			hasScannedForEncodings = 0;
			knownRegions = (
				en,
				Base,
			);
			mainGroup = 7555FF72242A565900829871;
			packageReferences = (
				814525F328793F3300989B4C /* XCRemoteSwiftPackageReference "lottie-ios" */,
				81ABDEE52893AFC300C98645 /* XCRemoteSwiftPackageReference "stripe-ios" */,
				818E26122893B51A00749888 /* XCRemoteSwiftPackageReference "firebase-ios-sdk" */,
				8186F1EC2894E84D00FEA781 /* XCRemoteSwiftPackageReference "KeyboardToolbar" */,
				8186F1EF2894EA0700FEA781 /* XCRemoteSwiftPackageReference "SwiftUI-Introspect" */,
			);
			productRefGroup = 7555FF7C242A565900829871 /* Products */;
			projectDirPath = "";
			projectRoot = "";
			targets = (
				7555FF7A242A565900829871 /* MomentumiOS */,
				8126AF64286FD796007DBAB9 /* MomentumiOSTests */,
			);
		};
/* End PBXProject section */

/* Begin PBXResourcesBuildPhase section */
		7555FF79242A565900829871 /* Resources */ = {
			isa = PBXResourcesBuildPhase;
			buildActionMask = 2147483647;
			files = (
				058557D9273AAEEB004C7B11 /* Preview Assets.xcassets in Resources */,
				814525FB287940E900989B4C /* success.json in Resources */,
				814525F9287940DF00989B4C /* failed.json in Resources */,
				81841AF82884C81200C42204 /* LaunchScreen.storyboard in Resources */,
				058557BB273AAA24004C7B11 /* Assets.xcassets in Resources */,
				813A97CE2889D82600377943 /* GoogleService-Info.plist in Resources */,
			);
			runOnlyForDeploymentPostprocessing = 0;
		};
		8126AF63286FD796007DBAB9 /* Resources */ = {
			isa = PBXResourcesBuildPhase;
			buildActionMask = 2147483647;
			files = (
			);
			runOnlyForDeploymentPostprocessing = 0;
		};
/* End PBXResourcesBuildPhase section */

/* Begin PBXShellScriptBuildPhase section */
		5A9D9C006D723722A06007DE /* [CP] Check Pods Manifest.lock */ = {
			isa = PBXShellScriptBuildPhase;
			buildActionMask = 2147483647;
			files = (
			);
			inputFileListPaths = (
			);
			inputPaths = (
				"${PODS_PODFILE_DIR_PATH}/Podfile.lock",
				"${PODS_ROOT}/Manifest.lock",
			);
			name = "[CP] Check Pods Manifest.lock";
			outputFileListPaths = (
			);
			outputPaths = (
				"$(DERIVED_FILE_DIR)/Pods-MomentumiOS-checkManifestLockResult.txt",
			);
			runOnlyForDeploymentPostprocessing = 0;
			shellPath = /bin/sh;
			shellScript = "diff \"${PODS_PODFILE_DIR_PATH}/Podfile.lock\" \"${PODS_ROOT}/Manifest.lock\" > /dev/null\nif [ $? != 0 ] ; then\n    # print error to STDERR\n    echo \"error: The sandbox is not in sync with the Podfile.lock. Run 'pod install' or update your CocoaPods installation.\" >&2\n    exit 1\nfi\n# This output is used by Xcode 'outputs' to avoid re-running this script phase.\necho \"SUCCESS\" > \"${SCRIPT_OUTPUT_FILE_0}\"\n";
			showEnvVarsInLog = 0;
		};
/* End PBXShellScriptBuildPhase section */

/* Begin PBXSourcesBuildPhase section */
		7555FF77242A565900829871 /* Sources */ = {
			isa = PBXSourcesBuildPhase;
			buildActionMask = 2147483647;
			files = (
				811A3E7F287E16AF0052682B /* PaymentSummaryContentView.swift in Sources */,
				81B802D82877E7C40008509D /* PaymentResultView.swift in Sources */,
				81B802D62877E46A0008509D /* PaymentSummaryView.swift in Sources */,
				818A2E99288DFE5E005D7449 /* BasePlainExpandableCard.swift in Sources */,
				2152FB042600AC8F00CF470E /* iOSApp.swift in Sources */,
				813E775E288DC60500109C19 /* ProfileView.swift in Sources */,
				81E937CD288E4F2400D74BD3 /* ProfileViewModel.swift in Sources */,
				819498002887B2460099B30B /* ToggleLabel.swift in Sources */,
				816CCDE1288F365600795B59 /* LinkLabel.swift in Sources */,
				816CCDE328903C8C00795B59 /* SignInView.swift in Sources */,
				81E8F8D12892144400F4A87C /* ProfileCards.swift in Sources */,
				8184A3D9288B85FF00083399 /* NavConfiguration.swift in Sources */,
				8182E77A288B91FB00A9CF9D /* BlurredBackground.swift in Sources */,
				814E5DE728778E470008BAC1 /* PaymentViewModel.swift in Sources */,
				8126AF71286FD82D007DBAB9 /* OfferView.swift in Sources */,
				81770C222877A314008B88F6 /* UIColor+Swift.swift in Sources */,
				81B802D42877E4080008509D /* LoadingView.swift in Sources */,
				818CA42F2890E553001A5D4D /* Binds.swift in Sources */,
				819E6161288654F0007BD761 /* TransactionView.swift in Sources */,
				8126AF84286FEF39007DBAB9 /* NavBar.swift in Sources */,
				8126AF75286FDB2F007DBAB9 /* View+Swift.swift in Sources */,
				8126AF77286FE009007DBAB9 /* Color+Swift.swift in Sources */,
				81E937CF288E5E2A00D74BD3 /* TitledTextField.swift in Sources */,
				8126AF85286FEF39007DBAB9 /* MenuView.swift in Sources */,
				813E158F287F48F10069A6BB /* PaymentSummaryContentViewModel.swift in Sources */,
				8126AF8B286FFD84007DBAB9 /* BackgroundView.swift in Sources */,
				819B795028708F020010B960 /* OfferViewModel.swift in Sources */,
				81888DF3288A11EE00752590 /* Inject.swift in Sources */,
				819B7952287098FA0010B960 /* Log.swift in Sources */,
				8182E778288B91C500A9CF9D /* AuthControllerView.swift in Sources */,
				819497FE288797240099B30B /* TransactionLabel.swift in Sources */,
				8126AF89286FF12F007DBAB9 /* MenuButton.swift in Sources */,
				81826E28288A060400B22B6E /* Session.swift in Sources */,
				81E8F8D428921F1300F4A87C /* SessionTime.swift in Sources */,
				7555FF83242A565900829871 /* ContentView.swift in Sources */,
				811A3E7D287E05D90052682B /* ToggleAmountLabel.swift in Sources */,
				8126AF86286FEF39007DBAB9 /* BottomTabBar.swift in Sources */,
				81B802DA2877E7D80008509D /* PaymentSuccessView.swift in Sources */,
				8126AF82286FEF39007DBAB9 /* ContentWrapper.swift in Sources */,
				8142D16728918A24001C206A /* Provides.swift in Sources */,
				81888DF6288A12F200752590 /* DiRegistry.swift in Sources */,
				81B802DE2877ED7F0008509D /* FilledButtonStyle.swift in Sources */,
				8182E77C288B9CC100A9CF9D /* PasswordTextfield.swift in Sources */,
				81888DF1288A0FDD00752590 /* Resolver.swift in Sources */,
				817AD150288BB0B00046441D /* SignUpView.swift in Sources */,
				818CA42D2890E04B001A5D4D /* Resolving.swift in Sources */,
				814525F728793F5000989B4C /* LottieView.swift in Sources */,
				8126AF7B286FE3C2007DBAB9 /* Constants.swift in Sources */,
				81B802DC2877E7FF0008509D /* PaymentFailureView.swift in Sources */,
				819E616328865523007BD761 /* TransactionViewModel.swift in Sources */,
			);
			runOnlyForDeploymentPostprocessing = 0;
		};
		8126AF61286FD796007DBAB9 /* Sources */ = {
			isa = PBXSourcesBuildPhase;
			buildActionMask = 2147483647;
			files = (
				810FDA3F28A179C200064D16 /* TestConstants.swift in Sources */,
				8126AF68286FD796007DBAB9 /* MomentumiOSTests.swift in Sources */,
				81E7C66C28A186D200CE6240 /* FakePaymentController.swift in Sources */,
				81246B79289849C4008A7173 /* PaymentViewModelTests.swift in Sources */,
				81E7C67228A1F8A100CE6240 /* FakeTransactionController.swift in Sources */,
				81ACD6412897A888002862D2 /* DiRegistry.swift in Sources */,
				81E7C66F28A1E03B00CE6240 /* OfferViemodelTests.swift in Sources */,
				81E7C67428A1FB2600CE6240 /* TransactionViewModelTests.swift in Sources */,
				8174D4BA28A1809A006AC7B4 /* PaymentContentSummaryViewModelTests.swift in Sources */,
				815F30122898276A008FB61E /* BaseXCTestCase.swift in Sources */,
			);
			runOnlyForDeploymentPostprocessing = 0;
		};
/* End PBXSourcesBuildPhase section */

/* Begin PBXTargetDependency section */
		8126AF6A286FD796007DBAB9 /* PBXTargetDependency */ = {
			isa = PBXTargetDependency;
			target = 7555FF7A242A565900829871 /* MomentumiOS */;
			targetProxy = 8126AF69286FD796007DBAB9 /* PBXContainerItemProxy */;
		};
/* End PBXTargetDependency section */

/* Begin XCBuildConfiguration section */
		7555FFA3242A565B00829871 /* Debug */ = {
			isa = XCBuildConfiguration;
			buildSettings = {
				ALWAYS_SEARCH_USER_PATHS = NO;
				CLANG_ANALYZER_NONNULL = YES;
				CLANG_ANALYZER_NUMBER_OBJECT_CONVERSION = YES_AGGRESSIVE;
				CLANG_CXX_LANGUAGE_STANDARD = "gnu++14";
				CLANG_CXX_LIBRARY = "libc++";
				CLANG_ENABLE_MODULES = YES;
				CLANG_ENABLE_OBJC_ARC = YES;
				CLANG_ENABLE_OBJC_WEAK = YES;
				CLANG_WARN_BLOCK_CAPTURE_AUTORELEASING = YES;
				CLANG_WARN_BOOL_CONVERSION = YES;
				CLANG_WARN_COMMA = YES;
				CLANG_WARN_CONSTANT_CONVERSION = YES;
				CLANG_WARN_DEPRECATED_OBJC_IMPLEMENTATIONS = YES;
				CLANG_WARN_DIRECT_OBJC_ISA_USAGE = YES_ERROR;
				CLANG_WARN_DOCUMENTATION_COMMENTS = YES;
				CLANG_WARN_EMPTY_BODY = YES;
				CLANG_WARN_ENUM_CONVERSION = YES;
				CLANG_WARN_INFINITE_RECURSION = YES;
				CLANG_WARN_INT_CONVERSION = YES;
				CLANG_WARN_NON_LITERAL_NULL_CONVERSION = YES;
				CLANG_WARN_OBJC_IMPLICIT_RETAIN_SELF = YES;
				CLANG_WARN_OBJC_LITERAL_CONVERSION = YES;
				CLANG_WARN_OBJC_ROOT_CLASS = YES_ERROR;
				CLANG_WARN_QUOTED_INCLUDE_IN_FRAMEWORK_HEADER = YES;
				CLANG_WARN_RANGE_LOOP_ANALYSIS = YES;
				CLANG_WARN_STRICT_PROTOTYPES = YES;
				CLANG_WARN_SUSPICIOUS_MOVE = YES;
				CLANG_WARN_UNGUARDED_AVAILABILITY = YES_AGGRESSIVE;
				CLANG_WARN_UNREACHABLE_CODE = YES;
				CLANG_WARN__DUPLICATE_METHOD_MATCH = YES;
				COPY_PHASE_STRIP = NO;
				DEBUG_INFORMATION_FORMAT = "dwarf-with-dsym";
				ENABLE_BITCODE = NO;
				ENABLE_STRICT_OBJC_MSGSEND = YES;
				ENABLE_TESTABILITY = YES;
				GCC_C_LANGUAGE_STANDARD = gnu11;
				GCC_DYNAMIC_NO_PIC = NO;
				GCC_NO_COMMON_BLOCKS = YES;
				GCC_OPTIMIZATION_LEVEL = 0;
				GCC_PREPROCESSOR_DEFINITIONS = (
					"DEBUG=1",
					"$(inherited)",
				);
				GCC_WARN_64_TO_32_BIT_CONVERSION = YES;
				GCC_WARN_ABOUT_RETURN_TYPE = YES_ERROR;
				GCC_WARN_UNDECLARED_SELECTOR = YES;
				GCC_WARN_UNINITIALIZED_AUTOS = YES_AGGRESSIVE;
				GCC_WARN_UNUSED_FUNCTION = YES;
				GCC_WARN_UNUSED_VARIABLE = YES;
				IPHONEOS_DEPLOYMENT_TARGET = 14.1;
				MTL_ENABLE_DEBUG_INFO = INCLUDE_SOURCE;
				MTL_FAST_MATH = YES;
				ONLY_ACTIVE_ARCH = YES;
				OTHER_LDFLAGS = "-lsqlite3";
				"OTHER_LDFLAGS[arch=*]" = "-lsqlite3";
				SDKROOT = iphoneos;
				SWIFT_ACTIVE_COMPILATION_CONDITIONS = DEBUG;
				SWIFT_OPTIMIZATION_LEVEL = "-Onone";
			};
			name = Debug;
		};
		7555FFA4242A565B00829871 /* Release */ = {
			isa = XCBuildConfiguration;
			buildSettings = {
				ALWAYS_SEARCH_USER_PATHS = NO;
				CLANG_ANALYZER_NONNULL = YES;
				CLANG_ANALYZER_NUMBER_OBJECT_CONVERSION = YES_AGGRESSIVE;
				CLANG_CXX_LANGUAGE_STANDARD = "gnu++14";
				CLANG_CXX_LIBRARY = "libc++";
				CLANG_ENABLE_MODULES = YES;
				CLANG_ENABLE_OBJC_ARC = YES;
				CLANG_ENABLE_OBJC_WEAK = YES;
				CLANG_WARN_BLOCK_CAPTURE_AUTORELEASING = YES;
				CLANG_WARN_BOOL_CONVERSION = YES;
				CLANG_WARN_COMMA = YES;
				CLANG_WARN_CONSTANT_CONVERSION = YES;
				CLANG_WARN_DEPRECATED_OBJC_IMPLEMENTATIONS = YES;
				CLANG_WARN_DIRECT_OBJC_ISA_USAGE = YES_ERROR;
				CLANG_WARN_DOCUMENTATION_COMMENTS = YES;
				CLANG_WARN_EMPTY_BODY = YES;
				CLANG_WARN_ENUM_CONVERSION = YES;
				CLANG_WARN_INFINITE_RECURSION = YES;
				CLANG_WARN_INT_CONVERSION = YES;
				CLANG_WARN_NON_LITERAL_NULL_CONVERSION = YES;
				CLANG_WARN_OBJC_IMPLICIT_RETAIN_SELF = YES;
				CLANG_WARN_OBJC_LITERAL_CONVERSION = YES;
				CLANG_WARN_OBJC_ROOT_CLASS = YES_ERROR;
				CLANG_WARN_QUOTED_INCLUDE_IN_FRAMEWORK_HEADER = YES;
				CLANG_WARN_RANGE_LOOP_ANALYSIS = YES;
				CLANG_WARN_STRICT_PROTOTYPES = YES;
				CLANG_WARN_SUSPICIOUS_MOVE = YES;
				CLANG_WARN_UNGUARDED_AVAILABILITY = YES_AGGRESSIVE;
				CLANG_WARN_UNREACHABLE_CODE = YES;
				CLANG_WARN__DUPLICATE_METHOD_MATCH = YES;
				COPY_PHASE_STRIP = NO;
				DEBUG_INFORMATION_FORMAT = "dwarf-with-dsym";
				ENABLE_BITCODE = NO;
				ENABLE_NS_ASSERTIONS = NO;
				ENABLE_STRICT_OBJC_MSGSEND = YES;
				GCC_C_LANGUAGE_STANDARD = gnu11;
				GCC_NO_COMMON_BLOCKS = YES;
				GCC_WARN_64_TO_32_BIT_CONVERSION = YES;
				GCC_WARN_ABOUT_RETURN_TYPE = YES_ERROR;
				GCC_WARN_UNDECLARED_SELECTOR = YES;
				GCC_WARN_UNINITIALIZED_AUTOS = YES_AGGRESSIVE;
				GCC_WARN_UNUSED_FUNCTION = YES;
				GCC_WARN_UNUSED_VARIABLE = YES;
				IPHONEOS_DEPLOYMENT_TARGET = 14.1;
				MTL_ENABLE_DEBUG_INFO = NO;
				MTL_FAST_MATH = YES;
				OTHER_LDFLAGS = "-lsqlite3";
				SDKROOT = iphoneos;
				SWIFT_COMPILATION_MODE = wholemodule;
				SWIFT_OPTIMIZATION_LEVEL = "-O";
				VALIDATE_PRODUCT = YES;
			};
			name = Release;
		};
		7555FFA6242A565B00829871 /* Debug */ = {
			isa = XCBuildConfiguration;
			baseConfigurationReference = 8FCA518C1E38B3D34FB9D1EF /* Pods-MomentumiOS.debug.xcconfig */;
			buildSettings = {
				ASSETCATALOG_COMPILER_APPICON_NAME = AppIcon;
				CODE_SIGN_ENTITLEMENTS = MomentumiOS/MomentumiOS.entitlements;
				CODE_SIGN_STYLE = Automatic;
				CURRENT_PROJECT_VERSION = 1;
				DEVELOPMENT_ASSET_PATHS = "\"MomentumiOS/Preview Content\"";
				DEVELOPMENT_TEAM = 2HB3YHCHVH;
				ENABLE_BITCODE = NO;
				ENABLE_PREVIEWS = YES;
				INFOPLIST_FILE = MomentumiOS/Info.plist;
				LD_RUNPATH_SEARCH_PATHS = (
					"$(inherited)",
					"@executable_path/Frameworks",
				);
				MARKETING_VERSION = 1.0.1;
				PRODUCT_BUNDLE_IDENTIFIER = com.mwaibanda.MomentumiOS;
				PRODUCT_NAME = "$(TARGET_NAME)";
				SWIFT_VERSION = 5.0;
				TARGETED_DEVICE_FAMILY = 1;
			};
			name = Debug;
		};
		7555FFA7242A565B00829871 /* Release */ = {
			isa = XCBuildConfiguration;
			baseConfigurationReference = 06D68FEC8ABE2B8A7159EAFB /* Pods-MomentumiOS.release.xcconfig */;
			buildSettings = {
				ASSETCATALOG_COMPILER_APPICON_NAME = AppIcon;
				CODE_SIGN_ENTITLEMENTS = MomentumiOS/MomentumiOS.entitlements;
				CODE_SIGN_STYLE = Automatic;
				CURRENT_PROJECT_VERSION = 1;
				DEVELOPMENT_ASSET_PATHS = "\"MomentumiOS/Preview Content\"";
				DEVELOPMENT_TEAM = 2HB3YHCHVH;
				ENABLE_BITCODE = NO;
				ENABLE_PREVIEWS = YES;
				INFOPLIST_FILE = MomentumiOS/Info.plist;
				LD_RUNPATH_SEARCH_PATHS = (
					"$(inherited)",
					"@executable_path/Frameworks",
				);
				MARKETING_VERSION = 1.0.1;
				PRODUCT_BUNDLE_IDENTIFIER = com.mwaibanda.MomentumiOS;
				PRODUCT_NAME = "$(TARGET_NAME)";
				SWIFT_VERSION = 5.0;
				TARGETED_DEVICE_FAMILY = 1;
			};
			name = Release;
		};
		8126AF6B286FD796007DBAB9 /* Debug */ = {
			isa = XCBuildConfiguration;
			buildSettings = {
				BUNDLE_LOADER = "$(TEST_HOST)";
				CLANG_CXX_LANGUAGE_STANDARD = "gnu++17";
				CLANG_ENABLE_MODULES = YES;
				CODE_SIGN_STYLE = Automatic;
				CURRENT_PROJECT_VERSION = 1;
				DEBUG_INFORMATION_FORMAT = dwarf;
				DEVELOPMENT_TEAM = 2HB3YHCHVH;
				GENERATE_INFOPLIST_FILE = YES;
				IPHONEOS_DEPLOYMENT_TARGET = 14.1;
				LD_RUNPATH_SEARCH_PATHS = (
					"$(inherited)",
					"@executable_path/Frameworks",
					"@loader_path/Frameworks",
				);
				MARKETING_VERSION = 1.0;
				PRODUCT_BUNDLE_IDENTIFIER = com.mwaibanda.MomentumiOSTests;
				PRODUCT_NAME = "$(TARGET_NAME)";
				SWIFT_EMIT_LOC_STRINGS = NO;
				SWIFT_OBJC_BRIDGING_HEADER = "";
				SWIFT_OPTIMIZATION_LEVEL = "-Onone";
				SWIFT_VERSION = 5.0;
				TARGETED_DEVICE_FAMILY = "1,2";
				TEST_HOST = "$(BUILT_PRODUCTS_DIR)/MomentumiOS.app/MomentumiOS";
			};
			name = Debug;
		};
		8126AF6C286FD796007DBAB9 /* Release */ = {
			isa = XCBuildConfiguration;
			buildSettings = {
				BUNDLE_LOADER = "$(TEST_HOST)";
				CLANG_CXX_LANGUAGE_STANDARD = "gnu++17";
				CLANG_ENABLE_MODULES = YES;
				CODE_SIGN_STYLE = Automatic;
				CURRENT_PROJECT_VERSION = 1;
				DEVELOPMENT_TEAM = 2HB3YHCHVH;
				GENERATE_INFOPLIST_FILE = YES;
				IPHONEOS_DEPLOYMENT_TARGET = 14.1;
				LD_RUNPATH_SEARCH_PATHS = (
					"$(inherited)",
					"@executable_path/Frameworks",
					"@loader_path/Frameworks",
				);
				MARKETING_VERSION = 1.0;
				PRODUCT_BUNDLE_IDENTIFIER = com.mwaibanda.MomentumiOSTests;
				PRODUCT_NAME = "$(TARGET_NAME)";
				SWIFT_EMIT_LOC_STRINGS = NO;
				SWIFT_OBJC_BRIDGING_HEADER = "";
				SWIFT_VERSION = 5.0;
				TARGETED_DEVICE_FAMILY = "1,2";
				TEST_HOST = "$(BUILT_PRODUCTS_DIR)/MomentumiOS.app/MomentumiOS";
			};
			name = Release;
		};
/* End XCBuildConfiguration section */

/* Begin XCConfigurationList section */
		7555FF76242A565900829871 /* Build configuration list for PBXProject "MomentumiOS" */ = {
			isa = XCConfigurationList;
			buildConfigurations = (
				7555FFA3242A565B00829871 /* Debug */,
				7555FFA4242A565B00829871 /* Release */,
			);
			defaultConfigurationIsVisible = 0;
			defaultConfigurationName = Release;
		};
		7555FFA5242A565B00829871 /* Build configuration list for PBXNativeTarget "MomentumiOS" */ = {
			isa = XCConfigurationList;
			buildConfigurations = (
				7555FFA6242A565B00829871 /* Debug */,
				7555FFA7242A565B00829871 /* Release */,
			);
			defaultConfigurationIsVisible = 0;
			defaultConfigurationName = Release;
		};
		8126AF6D286FD796007DBAB9 /* Build configuration list for PBXNativeTarget "MomentumiOSTests" */ = {
			isa = XCConfigurationList;
			buildConfigurations = (
				8126AF6B286FD796007DBAB9 /* Debug */,
				8126AF6C286FD796007DBAB9 /* Release */,
			);
			defaultConfigurationIsVisible = 0;
			defaultConfigurationName = Release;
		};
/* End XCConfigurationList section */

/* Begin XCRemoteSwiftPackageReference section */
		814525F328793F3300989B4C /* XCRemoteSwiftPackageReference "lottie-ios" */ = {
			isa = XCRemoteSwiftPackageReference;
			repositoryURL = "https://github.com/airbnb/lottie-ios.git";
			requirement = {
				branch = master;
				kind = branch;
			};
		};
		8186F1EC2894E84D00FEA781 /* XCRemoteSwiftPackageReference "KeyboardToolbar" */ = {
			isa = XCRemoteSwiftPackageReference;
			repositoryURL = "https://github.com/cameronshemilt/KeyboardToolbar";
			requirement = {
				kind = upToNextMajorVersion;
				minimumVersion = 1.0.0;
			};
		};
		8186F1EF2894EA0700FEA781 /* XCRemoteSwiftPackageReference "SwiftUI-Introspect" */ = {
			isa = XCRemoteSwiftPackageReference;
			repositoryURL = "https://github.com/siteline/SwiftUI-Introspect.git";
			requirement = {
				branch = master;
				kind = branch;
			};
		};
		818E26122893B51A00749888 /* XCRemoteSwiftPackageReference "firebase-ios-sdk" */ = {
			isa = XCRemoteSwiftPackageReference;
			repositoryURL = "https://github.com/firebase/firebase-ios-sdk";
			requirement = {
				branch = master;
				kind = branch;
			};
		};
		81ABDEE52893AFC300C98645 /* XCRemoteSwiftPackageReference "stripe-ios" */ = {
			isa = XCRemoteSwiftPackageReference;
			repositoryURL = "https://github.com/stripe/stripe-ios";
			requirement = {
				branch = master;
				kind = branch;
			};
		};
/* End XCRemoteSwiftPackageReference section */

/* Begin XCSwiftPackageProductDependency section */
		814525F428793F3300989B4C /* Lottie */ = {
			isa = XCSwiftPackageProductDependency;
			package = 814525F328793F3300989B4C /* XCRemoteSwiftPackageReference "lottie-ios" */;
			productName = Lottie;
		};
		8186F1ED2894E84E00FEA781 /* KeyboardToolbar */ = {
			isa = XCSwiftPackageProductDependency;
			package = 8186F1EC2894E84D00FEA781 /* XCRemoteSwiftPackageReference "KeyboardToolbar" */;
			productName = KeyboardToolbar;
		};
		8186F1F02894EA0700FEA781 /* Introspect */ = {
			isa = XCSwiftPackageProductDependency;
			package = 8186F1EF2894EA0700FEA781 /* XCRemoteSwiftPackageReference "SwiftUI-Introspect" */;
			productName = Introspect;
		};
		818E26132893B51A00749888 /* FirebaseAuth */ = {
			isa = XCSwiftPackageProductDependency;
			package = 818E26122893B51A00749888 /* XCRemoteSwiftPackageReference "firebase-ios-sdk" */;
			productName = FirebaseAuth;
		};
		818E26152893B51A00749888 /* FirebaseFirestore */ = {
			isa = XCSwiftPackageProductDependency;
			package = 818E26122893B51A00749888 /* XCRemoteSwiftPackageReference "firebase-ios-sdk" */;
			productName = FirebaseFirestore;
		};
		81ABDEE62893AFC300C98645 /* Stripe */ = {
			isa = XCSwiftPackageProductDependency;
			package = 81ABDEE52893AFC300C98645 /* XCRemoteSwiftPackageReference "stripe-ios" */;
			productName = Stripe;
		};
		81ABDEE82893AFC300C98645 /* StripeApplePay */ = {
			isa = XCSwiftPackageProductDependency;
			package = 81ABDEE52893AFC300C98645 /* XCRemoteSwiftPackageReference "stripe-ios" */;
			productName = StripeApplePay;
		};
		81ABDEEA2893AFC300C98645 /* StripeCardScan */ = {
			isa = XCSwiftPackageProductDependency;
			package = 81ABDEE52893AFC300C98645 /* XCRemoteSwiftPackageReference "stripe-ios" */;
			productName = StripeCardScan;
		};
/* End XCSwiftPackageProductDependency section */
	};
	rootObject = 7555FF73242A565900829871 /* Project object */;
}
