{
  "originHash" : "7d7e43ea5cb705b47b17c90f4915186e52f95dd16c13f82fb665c5f5a99f6fe1",
  "pins" : [
    {
      "identity" : "abseil-cpp-binary",
      "kind" : "remoteSourceControl",
      "location" : "https://github.com/google/abseil-cpp-binary.git",
      "state" : {
        "revision" : "194a6706acbd25e4ef639bcaddea16e8758a3e27",
        "version" : "1.2024011602.0"
      }
    },
    {
      "identity" : "app-check",
      "kind" : "remoteSourceControl",
      "location" : "https://github.com/google/app-check.git",
      "state" : {
        "revision" : "21fe1af9be463a359aaf8d96789ef73fc3760d09",
        "version" : "11.0.1"
      }
    },
    {
      "identity" : "firebase-ios-sdk",
      "kind" : "remoteSourceControl",
      "location" : "https://github.com/firebase/firebase-ios-sdk",
      "state" : {
        "revision" : "1fc52ab0e172e7c5a961f975a76c2611f4f22852",
        "version" : "11.2.0"
      }
    },
    {
      "identity" : "googleappmeasurement",
      "kind" : "remoteSourceControl",
      "location" : "https://github.com/google/GoogleAppMeasurement.git",
      "state" : {
        "revision" : "07a2f57d147d2bf368a0d2dcb5579ff082d9e44f",
        "version" : "11.1.0"
      }
    },
    {
      "identity" : "googledatatransport",
      "kind" : "remoteSourceControl",
      "location" : "https://github.com/google/GoogleDataTransport.git",
      "state" : {
        "revision" : "617af071af9aa1d6a091d59a202910ac482128f9",
        "version" : "10.1.0"
      }
    },
    {
      "identity" : "googleutilities",
      "kind" : "remoteSourceControl",
      "location" : "https://github.com/google/GoogleUtilities.git",
      "state" : {
        "revision" : "53156c7ec267db846e6b64c9f4c4e31ba4cf75eb",
        "version" : "8.0.2"
      }
    },
    {
      "identity" : "grpc-binary",
      "kind" : "remoteSourceControl",
      "location" : "https://github.com/google/grpc-binary.git",
      "state" : {
        "revision" : "f56d8fc3162de9a498377c7b6cea43431f4f5083",
        "version" : "1.65.1"
      }
    },
    {
      "identity" : "gtm-session-fetcher",
      "kind" : "remoteSourceControl",
      "location" : "https://github.com/google/gtm-session-fetcher.git",
      "state" : {
        "revision" : "a2ab612cb980066ee56d90d60d8462992c07f24b",
        "version" : "3.5.0"
      }
    },
    {
      "identity" : "interop-ios-for-google-sdks",
      "kind" : "remoteSourceControl",
      "location" : "https://github.com/google/interop-ios-for-google-sdks.git",
      "state" : {
        "revision" : "2d12673670417654f08f5f90fdd62926dc3a2648",
        "version" : "100.0.0"
      }
    },
    {
      "identity" : "leveldb",
      "kind" : "remoteSourceControl",
      "location" : "https://github.com/firebase/leveldb.git",
      "state" : {
        "revision" : "0706abcc6b0bd9cedfbb015ba840e4a780b5159b",
        "version" : "1.22.2"
      }
    },
    {
      "identity" : "lottie-ios",
      "kind" : "remoteSourceControl",
      "location" : "https://github.com/airbnb/lottie-ios.git",
      "state" : {
        "branch" : "master",
        "revision" : "6fa7292b7730af2a76f177ca2e057e8d58837174"
      }
    },
    {
      "identity" : "multidatepicker",
      "kind" : "remoteSourceControl",
      "location" : "https://github.com/MwaiBanda/MultiDatePicker",
      "state" : {
        "branch" : "main",
        "revision" : "886bc0e8a35211239bc2c33b0911414dd0380a8d"
      }
    },
    {
      "identity" : "nanopb",
      "kind" : "remoteSourceControl",
      "location" : "https://github.com/firebase/nanopb.git",
      "state" : {
        "revision" : "b7e1104502eca3a213b46303391ca4d3bc8ddec1",
        "version" : "2.30910.0"
      }
    },
    {
      "identity" : "promises",
      "kind" : "remoteSourceControl",
      "location" : "https://github.com/google/promises.git",
      "state" : {
        "revision" : "540318ecedd63d883069ae7f1ed811a2df00b6ac",
        "version" : "2.4.0"
      }
    },
    {
      "identity" : "sdwebimage",
      "kind" : "remoteSourceControl",
      "location" : "https://github.com/SDWebImage/SDWebImage.git",
      "state" : {
        "revision" : "484bc774e1091f622c4856e576ff957b29403676",
        "version" : "5.13.3"
      }
    },
    {
      "identity" : "sdwebimageswiftui",
      "kind" : "remoteSourceControl",
      "location" : "https://github.com/SDWebImage/SDWebImageSwiftUI.git",
      "state" : {
        "revision" : "61fefe9c284fd41ddef77d02749e88f00c305196",
        "version" : "2.2.2"
      }
    },
    {
      "identity" : "stripe-ios-spm",
      "kind" : "remoteSourceControl",
      "location" : "https://github.com/stripe/stripe-ios-spm",
      "state" : {
        "revision" : "d408e7e9d00e6c25de0e7ef3571207bb02582791",
        "version" : "23.31.1"
      }
    },
    {
      "identity" : "swift-algorithms",
      "kind" : "remoteSourceControl",
      "location" : "https://github.com/apple/swift-algorithms.git",
      "state" : {
        "revision" : "bcd4f369ac962bc3e5244c9df778739f8f5bdbf1",
        "version" : "1.1.0"
      }
    },
    {
      "identity" : "swift-numerics",
      "kind" : "remoteSourceControl",
      "location" : "https://github.com/apple/swift-numerics.git",
      "state" : {
        "revision" : "0a5bc04095a675662cf24757cc0640aa2204253b",
        "version" : "1.0.2"
      }
    },
    {
      "identity" : "swift-protobuf",
      "kind" : "remoteSourceControl",
      "location" : "https://github.com/apple/swift-protobuf.git",
      "state" : {
        "revision" : "e1499bc69b9040b29184f7f2996f7bab467c1639",
        "version" : "1.19.0"
      }
    },
    {
      "identity" : "swiftui-introspect",
      "kind" : "remoteSourceControl",
      "location" : "https://github.com/siteline/SwiftUI-Introspect.git",
      "state" : {
        "branch" : "master",
        "revision" : "7ef0df639079491ee1aaf6b83b6fd4d08df80393"
      }
    },
    {
      "identity" : "tinydi",
      "kind" : "remoteSourceControl",
      "location" : "https://github.com/MwaiBanda/TinyDi",
      "state" : {
        "branch" : "main",
        "revision" : "ad4263b4364f3d50e0f5939afc1ddce42d58a1bd"
      }
    }
  ],
  "version" : 3
}
